{
  "version": 4,
  "terraform_version": "1.8.2",
  "serial": 3,
  "lineage": "ac5df156-5e41-24ec-f04a-b9a700f2731b",
  "outputs": {},
  "resources": [
    {
      "module": "module.ssrs_dashboard_eq_digital",
      "mode": "managed",
      "type": "newrelic_one_dashboard",
      "name": "nr_dashboards",
      "provider": "provider[\"registry.terraform.io/newrelic/newrelic\"]",
      "instances": [
        {
          "index_key": "0",
          "schema_version": 0,
          "attributes": {
            "account_id": 2947933,
            "description": null,
            "guid": "Mjk0NzkzM3xWSVp8REFTSEJPQVJEfGRhOjc4NDU3NTk",
            "id": "Mjk0NzkzM3xWSVp8REFTSEJPQVJEfGRhOjc4NDU3NTk",
            "name": "SSRS Dashboard ",
            "page": [
              {
                "description": "",
                "guid": "Mjk0NzkzM3xWSVp8REFTSEJPQVJEfDMyNDk0NDU5",
                "name": "Monitors",
                "widget_area": [],
                "widget_bar": [],
                "widget_billboard": [
                  {
                    "colors": [],
                    "column": 1,
                    "critical": "",
                    "facet_show_other_series": false,
                    "height": 3,
                    "id": "359743668",
                    "ignore_time_range": false,
                    "legend_enabled": true,
                    "nrql_query": [
                      {
                        "account_id": 2947933,
                        "query": "FROM MssqlCustomQuerySample SELECT latest(DatabaseStatus) WHERE label.query='dbstate' AND DatabaseName='ReportServer' FACET DatabaseName, instance"
                      }
                    ],
                    "null_values": [],
                    "row": 2,
                    "title": "Database status",
                    "units": [],
                    "warning": "",
                    "width": 6,
                    "y_axis_left_max": 0,
                    "y_axis_left_min": 0
                  }
                ],
                "widget_bullet": [],
                "widget_funnel": [],
                "widget_heatmap": [],
                "widget_histogram": [],
                "widget_json": [],
                "widget_line": [],
                "widget_log_table": [],
                "widget_markdown": [],
                "widget_pie": [],
                "widget_stacked_bar": [],
                "widget_table": [
                  {
                    "colors": [],
                    "column": 1,
                    "facet_show_other_series": false,
                    "filter_current_dashboard": false,
                    "height": 3,
                    "id": "359743669",
                    "ignore_time_range": false,
                    "legend_enabled": true,
                    "linked_entity_guids": [],
                    "nrql_query": [
                      {
                        "account_id": 2947933,
                        "query": "FROM MssqlCustomQuerySample SELECT  DatabaseCreateDate,DatabaseName,IsAutoCloseEnabled,is_in_standby,IsMasterKeyEncrypted,is_read_only,IsTrustworthyOn,RecoveryModel WHERE label.query='dbstate' AND DatabaseName='ReportServer'"
                      }
                    ],
                    "null_values": [],
                    "row": 1,
                    "threshold": [],
                    "title": "Database accessible :- summary ",
                    "units": [],
                    "width": 12,
                    "y_axis_left_max": 0,
                    "y_axis_left_min": 0
                  }
                ]
              }
            ],
            "permalink": "https://one.newrelic.com/redirect/entity/Mjk0NzkzM3xWSVp8REFTSEJPQVJEfGRhOjc4NDU3NTk",
            "permissions": "public_read_write",
            "variable": []
          },
          "sensitive_attributes": [],
          "private": "bnVsbA=="
        }
      ]
    }
  ],
  "check_results": null
}
